
Microsoft Visual Studio Solution File, Format Version 12.00
# Visual Studio Version 17
VisualStudioVersion = 17.9.34701.34
MinimumVisualStudioVersion = 10.0.40219.1
Project("{9A19103F-16F7-4668-BE54-9A1E7A4F7556}") = "Product.Web", "src\Product\Product.Web.csproj", "{5B062C33-D40E-43C1-82BE-F813170DD155}"
EndProject
Project("{2150E333-8FDC-42A3-9474-1A3956D46DE8}") = "src", "src", "{DDB0A7ED-CE5A-469B-BED3-5DCC78344725}"
EndProject
Project("{FAE04EC0-301F-11D3-BF4B-00C04F79EFBC}") = "Product.Domain", "src\Product.Domain\Product.Domain.csproj", "{1A214CED-1855-44C9-A064-FEDF1606EFB5}"
EndProject
Project("{FAE04EC0-301F-11D3-BF4B-00C04F79EFBC}") = "Product.Service", "src\Product.Service\Product.Service.csproj", "{DA4650DB-1501-4569-8423-42FFAFA4CD1E}"
EndProject
Project("{FAE04EC0-301F-11D3-BF4B-00C04F79EFBC}") = "Product.Data", "src\Product.Data\Product.Data.csproj", "{D6EC5791-C079-48FD-AB29-7769878A2187}"
EndProject
Global
	GlobalSection(SolutionConfigurationPlatforms) = preSolution
		Debug|Any CPU = Debug|Any CPU
		Release|Any CPU = Release|Any CPU
	EndGlobalSection
	GlobalSection(ProjectConfigurationPlatforms) = postSolution
		{5B062C33-D40E-43C1-82BE-F813170DD155}.Debug|Any CPU.ActiveCfg = Debug|Any CPU
		{5B062C33-D40E-43C1-82BE-F813170DD155}.Debug|Any CPU.Build.0 = Debug|Any CPU
		{5B062C33-D40E-43C1-82BE-F813170DD155}.Release|Any CPU.ActiveCfg = Release|Any CPU
		{5B062C33-D40E-43C1-82BE-F813170DD155}.Release|Any CPU.Build.0 = Release|Any CPU
		{1A214CED-1855-44C9-A064-FEDF1606EFB5}.Debug|Any CPU.ActiveCfg = Debug|Any CPU
		{1A214CED-1855-44C9-A064-FEDF1606EFB5}.Debug|Any CPU.Build.0 = Debug|Any CPU
		{1A214CED-1855-44C9-A064-FEDF1606EFB5}.Release|Any CPU.ActiveCfg = Release|Any CPU
		{1A214CED-1855-44C9-A064-FEDF1606EFB5}.Release|Any CPU.Build.0 = Release|Any CPU
		{DA4650DB-1501-4569-8423-42FFAFA4CD1E}.Debug|Any CPU.ActiveCfg = Debug|Any CPU
		{DA4650DB-1501-4569-8423-42FFAFA4CD1E}.Debug|Any CPU.Build.0 = Debug|Any CPU
		{DA4650DB-1501-4569-8423-42FFAFA4CD1E}.Release|Any CPU.ActiveCfg = Release|Any CPU
		{DA4650DB-1501-4569-8423-42FFAFA4CD1E}.Release|Any CPU.Build.0 = Release|Any CPU
		{D6EC5791-C079-48FD-AB29-7769878A2187}.Debug|Any CPU.ActiveCfg = Debug|Any CPU
		{D6EC5791-C079-48FD-AB29-7769878A2187}.Debug|Any CPU.Build.0 = Debug|Any CPU
		{D6EC5791-C079-48FD-AB29-7769878A2187}.Release|Any CPU.ActiveCfg = Release|Any CPU
		{D6EC5791-C079-48FD-AB29-7769878A2187}.Release|Any CPU.Build.0 = Release|Any CPU
	EndGlobalSection
	GlobalSection(SolutionProperties) = preSolution
		HideSolutionNode = FALSE
	EndGlobalSection
	GlobalSection(NestedProjects) = preSolution
		{5B062C33-D40E-43C1-82BE-F813170DD155} = {DDB0A7ED-CE5A-469B-BED3-5DCC78344725}
		{1A214CED-1855-44C9-A064-FEDF1606EFB5} = {DDB0A7ED-CE5A-469B-BED3-5DCC78344725}
		{DA4650DB-1501-4569-8423-42FFAFA4CD1E} = {DDB0A7ED-CE5A-469B-BED3-5DCC78344725}
		{D6EC5791-C079-48FD-AB29-7769878A2187} = {DDB0A7ED-CE5A-469B-BED3-5DCC78344725}
	EndGlobalSection
	GlobalSection(ExtensibilityGlobals) = postSolution
		SolutionGuid = {CA3ECBC1-A1F4-4F0E-8983-66370D693DBF}
	EndGlobalSection
EndGlobal
